
Microsoft Visual Studio Solution File, Format Version 12.00
Project("{FAE04EC0-301F-11D3-BF4B-00C04F79EFBC}") = "SpotifyDownloader", "SpotifyDownloader\SpotifyDownloader.csproj", "{26991838-541E-47FB-B3C2-30FF67495DF6}"
EndProject
Global
	GlobalSection(SolutionConfigurationPlatforms) = preSolution
		Debug|Any CPU = Debug|Any CPU
		Release|Any CPU = Release|Any CPU
	EndGlobalSection
	GlobalSection(ProjectConfigurationPlatforms) = postSolution
		{26991838-541E-47FB-B3C2-30FF67495DF6}.Debug|Any CPU.ActiveCfg = Debug|Any CPU
		{26991838-541E-47FB-B3C2-30FF67495DF6}.Debug|Any CPU.Build.0 = Debug|Any CPU
		{26991838-541E-47FB-B3C2-30FF67495DF6}.Release|Any CPU.ActiveCfg = Release|Any CPU
		{26991838-541E-47FB-B3C2-30FF67495DF6}.Release|Any CPU.Build.0 = Release|Any CPU
	EndGlobalSection
EndGlobal
